
Microsoft Visual Studio Solution File, Format Version 12.00
# Visual Studio Version 17
VisualStudioVersion = 17.3.32922.545
MinimumVisualStudioVersion = 10.0.40219.1
Project("{FAE04EC0-301F-11D3-BF4B-00C04F79EFBC}") = "AWSDYNAMODBWebApi", "AWSDYNAMODBWebApi\AWSDYNAMODBWebApi.csproj", "{D992E202-872C-4887-8429-E07FF68F86A2}"
EndProject
Global
	GlobalSection(SolutionConfigurationPlatforms) = preSolution
		Debug|Any CPU = Debug|Any CPU
		Release|Any CPU = Release|Any CPU
	EndGlobalSection
	GlobalSection(ProjectConfigurationPlatforms) = postSolution
		{D992E202-872C-4887-8429-E07FF68F86A2}.Debug|Any CPU.ActiveCfg = Debug|Any CPU
		{D992E202-872C-4887-8429-E07FF68F86A2}.Debug|Any CPU.Build.0 = Debug|Any CPU
		{D992E202-872C-4887-8429-E07FF68F86A2}.Release|Any CPU.ActiveCfg = Release|Any CPU
		{D992E202-872C-4887-8429-E07FF68F86A2}.Release|Any CPU.Build.0 = Release|Any CPU
	EndGlobalSection
	GlobalSection(SolutionProperties) = preSolution
		HideSolutionNode = FALSE
	EndGlobalSection
	GlobalSection(ExtensibilityGlobals) = postSolution
		SolutionGuid = {B8D22D4B-7DC1-4E77-9F9B-6F01CEC5AE85}
	EndGlobalSection
EndGlobal
